
Microsoft Visual Studio Solution File, Format Version 12.00
# Visual Studio 15
VisualStudioVersion = 15.0.27703.2047
MinimumVisualStudioVersion = 10.0.40219.1
Project("{FAE04EC0-301F-11D3-BF4B-00C04F79EFBC}") = "DailyRate", "DailyRate\DailyRate.csproj", "{64974C78-1B36-4C85-B1EA-873CEA8D4E27}"
EndProject
Project("{FAE04EC0-301F-11D3-BF4B-00C04F79EFBC}") = "DailyRate_optional_params", "DailyRate_optional_params\DailyRate_optional_params.csproj", "{72886551-FF94-4C2A-A951-74A1546DABBE}"
EndProject
Global
	GlobalSection(SolutionConfigurationPlatforms) = preSolution
		Debug|Any CPU = Debug|Any CPU
		Release|Any CPU = Release|Any CPU
	EndGlobalSection
	GlobalSection(ProjectConfigurationPlatforms) = postSolution
		{64974C78-1B36-4C85-B1EA-873CEA8D4E27}.Debug|Any CPU.ActiveCfg = Debug|Any CPU
		{64974C78-1B36-4C85-B1EA-873CEA8D4E27}.Debug|Any CPU.Build.0 = Debug|Any CPU
		{64974C78-1B36-4C85-B1EA-873CEA8D4E27}.Release|Any CPU.ActiveCfg = Release|Any CPU
		{64974C78-1B36-4C85-B1EA-873CEA8D4E27}.Release|Any CPU.Build.0 = Release|Any CPU
		{72886551-FF94-4C2A-A951-74A1546DABBE}.Debug|Any CPU.ActiveCfg = Debug|Any CPU
		{72886551-FF94-4C2A-A951-74A1546DABBE}.Debug|Any CPU.Build.0 = Debug|Any CPU
		{72886551-FF94-4C2A-A951-74A1546DABBE}.Release|Any CPU.ActiveCfg = Release|Any CPU
		{72886551-FF94-4C2A-A951-74A1546DABBE}.Release|Any CPU.Build.0 = Release|Any CPU
	EndGlobalSection
	GlobalSection(SolutionProperties) = preSolution
		HideSolutionNode = FALSE
	EndGlobalSection
	GlobalSection(ExtensibilityGlobals) = postSolution
		SolutionGuid = {AF83E174-7A6A-4764-8787-449A2E8C16BD}
	EndGlobalSection
EndGlobal
